# THIS IS AN AUTOGENERATED FILE. DO NOT EDIT THIS FILE DIRECTLY.
# yarn lockfile v1


lucide@^0.417.0:
  version "0.417.0"
  resolved "https://registry.yarnpkg.com/lucide/-/lucide-0.417.0.tgz#53edbbf49cf358d9fdfcbad4e910a4684d348117"
  integrity sha512-e1DZDz6n/P33I4dkbfdFFXotUh1LNTPqx1BxELYOUM0ZTSaXgLIfenrdhT8bZ2U5qFNafAjLIX8CphliDcnm1g==
